
Microsoft Visual Studio Solution File, Format Version 12.00
# Visual Studio Version 17
VisualStudioVersion = 17.2.32616.157
MinimumVisualStudioVersion = 10.0.40219.1
Project("{FAE04EC0-301F-11D3-BF4B-00C04F79EFBC}") = "newcalculator", "newcalculator\newcalculator.csproj", "{857357AC-A7A2-4AFC-8637-E842BAB690C6}"
EndProject
Global
	GlobalSection(SolutionConfigurationPlatforms) = preSolution
		Debug|Any CPU = Debug|Any CPU
		Release|Any CPU = Release|Any CPU
	EndGlobalSection
	GlobalSection(ProjectConfigurationPlatforms) = postSolution
		{857357AC-A7A2-4AFC-8637-E842BAB690C6}.Debug|Any CPU.ActiveCfg = Debug|Any CPU
		{857357AC-A7A2-4AFC-8637-E842BAB690C6}.Debug|Any CPU.Build.0 = Debug|Any CPU
		{857357AC-A7A2-4AFC-8637-E842BAB690C6}.Release|Any CPU.ActiveCfg = Release|Any CPU
		{857357AC-A7A2-4AFC-8637-E842BAB690C6}.Release|Any CPU.Build.0 = Release|Any CPU
	EndGlobalSection
	GlobalSection(SolutionProperties) = preSolution
		HideSolutionNode = FALSE
	EndGlobalSection
	GlobalSection(ExtensibilityGlobals) = postSolution
		SolutionGuid = {8D70ADF4-DB7B-42D3-959F-F4C653E35664}
	EndGlobalSection
EndGlobal
